Microsoft Visual Studio Solution File, Format Version 12.00
# Visual Studio Version 17
VisualStudioVersion = 17.5.2.0
MinimumVisualStudioVersion = 10.0.40219.1
Project("{2150E333-8FDC-42A3-9474-1A3956D46DE8}") = "BaseTools", "BaseTools", "{4C63BF08-5551-A6AD-B8EB-A47DB76A2B0E}"
EndProject
Project("{FAE04EC0-301F-11D3-BF4B-00C04F79EFBC}") = "DbTools", "DbTools\DbTools.csproj", "{FB390218-698C-880A-04E3-C1187AD5CA83}"
EndProject
Project("{FAE04EC0-301F-11D3-BF4B-00C04F79EFBC}") = "ToolsUI", "ToolsUI\ToolsUI.csproj", "{D080013C-A4F2-B1E1-EE15-A4AF5C38411E}"
EndProject
Project("{FAE04EC0-301F-11D3-BF4B-00C04F79EFBC}") = "Tools", "BaseTools\Tools.csproj", "{E395DC9C-6933-C154-D0BE-4CB5A03D8D3C}"
EndProject
Global
	GlobalSection(SolutionConfigurationPlatforms) = preSolution
		Debug|Any CPU = Debug|Any CPU
		Release|Any CPU = Release|Any CPU
	EndGlobalSection
	GlobalSection(ProjectConfigurationPlatforms) = postSolution
		{FB390218-698C-880A-04E3-C1187AD5CA83}.Debug|Any CPU.ActiveCfg = Debug|Any CPU
		{FB390218-698C-880A-04E3-C1187AD5CA83}.Debug|Any CPU.Build.0 = Debug|Any CPU
		{FB390218-698C-880A-04E3-C1187AD5CA83}.Release|Any CPU.ActiveCfg = Release|Any CPU
		{FB390218-698C-880A-04E3-C1187AD5CA83}.Release|Any CPU.Build.0 = Release|Any CPU
		{D080013C-A4F2-B1E1-EE15-A4AF5C38411E}.Debug|Any CPU.ActiveCfg = Debug|Any CPU
		{D080013C-A4F2-B1E1-EE15-A4AF5C38411E}.Debug|Any CPU.Build.0 = Debug|Any CPU
		{D080013C-A4F2-B1E1-EE15-A4AF5C38411E}.Release|Any CPU.ActiveCfg = Release|Any CPU
		{D080013C-A4F2-B1E1-EE15-A4AF5C38411E}.Release|Any CPU.Build.0 = Release|Any CPU
		{E395DC9C-6933-C154-D0BE-4CB5A03D8D3C}.Debug|Any CPU.ActiveCfg = Debug|Any CPU
		{E395DC9C-6933-C154-D0BE-4CB5A03D8D3C}.Debug|Any CPU.Build.0 = Debug|Any CPU
		{E395DC9C-6933-C154-D0BE-4CB5A03D8D3C}.Release|Any CPU.ActiveCfg = Release|Any CPU
		{E395DC9C-6933-C154-D0BE-4CB5A03D8D3C}.Release|Any CPU.Build.0 = Release|Any CPU
	EndGlobalSection
	GlobalSection(SolutionProperties) = preSolution
		HideSolutionNode = FALSE
	EndGlobalSection
	GlobalSection(NestedProjects) = preSolution
		{E395DC9C-6933-C154-D0BE-4CB5A03D8D3C} = {4C63BF08-5551-A6AD-B8EB-A47DB76A2B0E}
	EndGlobalSection
	GlobalSection(ExtensibilityGlobals) = postSolution
		SolutionGuid = {C7091743-49B2-4D15-ABD9-00F08FADF8C8}
	EndGlobalSection
EndGlobal
